
Microsoft Visual Studio Solution File, Format Version 12.00
# Visual Studio Version 17
VisualStudioVersion = 17.14.36109.1 d17.14
MinimumVisualStudioVersion = 10.0.40219.1
Project("{FAE04EC0-301F-11D3-BF4B-00C04F79EFBC}") = "PatronesU3Examenv1", "PatronesU3Examenv1\PatronesU3Examenv1.csproj", "{7B0D2497-97B6-49A1-A569-AE69436B1970}"
EndProject
Global
	GlobalSection(SolutionConfigurationPlatforms) = preSolution
		Debug|Any CPU = Debug|Any CPU
		Release|Any CPU = Release|Any CPU
	EndGlobalSection
	GlobalSection(ProjectConfigurationPlatforms) = postSolution
		{7B0D2497-97B6-49A1-A569-AE69436B1970}.Debug|Any CPU.ActiveCfg = Debug|Any CPU
		{7B0D2497-97B6-49A1-A569-AE69436B1970}.Debug|Any CPU.Build.0 = Debug|Any CPU
		{7B0D2497-97B6-49A1-A569-AE69436B1970}.Release|Any CPU.ActiveCfg = Release|Any CPU
		{7B0D2497-97B6-49A1-A569-AE69436B1970}.Release|Any CPU.Build.0 = Release|Any CPU
	EndGlobalSection
	GlobalSection(SolutionProperties) = preSolution
		HideSolutionNode = FALSE
	EndGlobalSection
	GlobalSection(ExtensibilityGlobals) = postSolution
		SolutionGuid = {88DA1947-2E8D-4BEF-BE13-BA3AC04C038F}
	EndGlobalSection
EndGlobal
